
Microsoft Visual Studio Solution File, Format Version 12.00
# Visual Studio Version 17
VisualStudioVersion = 17.9.34714.143
MinimumVisualStudioVersion = 10.0.40219.1
Project("{FAE04EC0-301F-11D3-BF4B-00C04F79EFBC}") = "lab6", "lab6\lab6.csproj", "{241C0C1D-BE61-4783-8220-2A4586E2613D}"
EndProject
Global
	GlobalSection(SolutionConfigurationPlatforms) = preSolution
		Debug|Any CPU = Debug|Any CPU
		Release|Any CPU = Release|Any CPU
	EndGlobalSection
	GlobalSection(ProjectConfigurationPlatforms) = postSolution
		{241C0C1D-BE61-4783-8220-2A4586E2613D}.Debug|Any CPU.ActiveCfg = Debug|Any CPU
		{241C0C1D-BE61-4783-8220-2A4586E2613D}.Debug|Any CPU.Build.0 = Debug|Any CPU
		{241C0C1D-BE61-4783-8220-2A4586E2613D}.Release|Any CPU.ActiveCfg = Release|Any CPU
		{241C0C1D-BE61-4783-8220-2A4586E2613D}.Release|Any CPU.Build.0 = Release|Any CPU
	EndGlobalSection
	GlobalSection(SolutionProperties) = preSolution
		HideSolutionNode = FALSE
	EndGlobalSection
	GlobalSection(ExtensibilityGlobals) = postSolution
		SolutionGuid = {9833A4C4-E55A-47E3-9389-A458EF39962B}
	EndGlobalSection
EndGlobal
